{
    "_readme": [
        "This file locks the dependencies of your project to a known state",
        "Read more about it at https://getcomposer.org/doc/01-basic-usage.md#installing-dependencies",
        "This file is @generated automatically"
    ],
    "content-hash": "eb2f52854564bb3594aa043feeb9c4fd",
    "packages": [
        {
            "name": "php-school/terminal",
            "version": "0.2.1",
            "source": {
                "type": "git",
                "url": "https://github.com/php-school/terminal.git",
                "reference": "725f86c7db996a4cf65648022f17e22391e97320"
            },
            "dist": {
                "type": "zip",
                "url": "https://api.github.com/repos/php-school/terminal/zipball/725f86c7db996a4cf65648022f17e22391e97320",
                "reference": "725f86c7db996a4cf65648022f17e22391e97320",
                "shasum": ""
            },
            "require": {
                "ext-posix": "*",
                "php": ">=7.1"
            },
            "require-dev": {
                "phpstan/phpstan": "^0.9.2",
                "phpunit/phpunit": "^7.1",
                "squizlabs/php_codesniffer": "^3.2"
            },
            "type": "library",
            "autoload": {
                "psr-4": {
                    "PhpSchool\\Terminal\\": "src"
                }
            },
            "notification-url": "https://packagist.org/downloads/",
            "license": [
                "MIT"
            ],
            "authors": [
                {
                    "name": "Michael Woodward",
                    "email": "mikeymike.mw@gmail.com"
                },
                {
                    "name": "Aydin Hassan",
                    "email": "aydin@hotmail.com"
                }
            ],
            "description": "A command line terminal utility in PHP",
            "keywords": [
                "cli",
                "console",
                "php-school",
                "phpschool",
                "terminal"
            ],
            "support": {
                "issues": "https://github.com/php-school/terminal/issues",
                "source": "https://github.com/php-school/terminal/tree/0.2.1"
            },
            "time": "2019-12-17T21:56:06+00:00"
        }
    ],
    "packages-dev": [],
    "aliases": [],
    "minimum-stability": "stable",
    "stability-flags": [],
    "prefer-stable": false,
    "prefer-lowest": false,
    "platform": {
        "ext-readline": "*"
    },
    "platform-dev": [],
    "plugin-api-version": "2.3.0"
}
